dependencies:
- name: argo-cd
  repository: https://argoproj.github.io/argo-helm
  version: 6.10.0
- name: node-feature-discovery
  repository: https://kubernetes-sigs.github.io/node-feature-discovery/charts
  version: 0.16.4
- name: kube-state-metrics
  repository: https://prometheus-community.github.io/helm-charts
  version: 5.25.1
- name: grafana
  repository: https://grafana.github.io/helm-charts
  version: 8.4.6
- name: prometheus
  repository: https://prometheus-community.github.io/helm-charts
  version: 25.26.0
- name: kamaji-etcd
  repository: https://clastix.github.io/charts
  version: 0.7.0
- name: kamaji
  repository: https://clastix.github.io/charts
  version: 1.0.0
digest: sha256:4d0bfcfd99ceeaf607fdfde712ffb29672f9d65f4c0a8fa7dbfcffa240f69183
generated: "2024-08-25T18:08:01.347014741+03:00"
