dependencies:
- name: multus
  repository: file://charts/multus
  version: 0.1.0
- name: sriov-device-plugin
  repository: file://charts/sriov-device-plugin
  version: 0.1.0
- name: servicechainset-controller
  repository: file://charts/servicechainset-controller
  version: 0.1.0
- name: nvidia-k8s-ipam
  repository: file://charts/nvidia-k8s-ipam
  version: 0.1.0
- name: ovs-cni
  repository: file://charts/ovs-cni
  version: 0.1.0
- name: sfc-controller
  repository: file://charts/sfc-controller
  version: 0.1.0
- name: flannel
  repository: https://flannel-io.github.io/flannel
  version: v0.25.1
- name: ovs-helper
  repository: file://charts/ovs-helper
  version: 0.1.0
digest: sha256:fac88cf4916134e9912581abbd09381ff045567cd368c40bd642d847dc59c102
generated: "2024-11-14T11:48:19.295056399+01:00"
